
Microsoft Visual Studio Solution File, Format Version 12.00
# Visual Studio Version 17
VisualStudioVersion = 17.7.34009.444
MinimumVisualStudioVersion = 10.0.40219.1
Project("{FAE04EC0-301F-11D3-BF4B-00C04F79EFBC}") = "Skaiciu spejimas", "Skaiciu spejimas\Skaiciu spejimas.csproj", "{E0F5D193-F2AE-4D04-9FA8-1205B792C3E4}"
EndProject
Global
	GlobalSection(SolutionConfigurationPlatforms) = preSolution
		Debug|Any CPU = Debug|Any CPU
		Release|Any CPU = Release|Any CPU
	EndGlobalSection
	GlobalSection(ProjectConfigurationPlatforms) = postSolution
		{E0F5D193-F2AE-4D04-9FA8-1205B792C3E4}.Debug|Any CPU.ActiveCfg = Debug|Any CPU
		{E0F5D193-F2AE-4D04-9FA8-1205B792C3E4}.Debug|Any CPU.Build.0 = Debug|Any CPU
		{E0F5D193-F2AE-4D04-9FA8-1205B792C3E4}.Release|Any CPU.ActiveCfg = Release|Any CPU
		{E0F5D193-F2AE-4D04-9FA8-1205B792C3E4}.Release|Any CPU.Build.0 = Release|Any CPU
	EndGlobalSection
	GlobalSection(SolutionProperties) = preSolution
		HideSolutionNode = FALSE
	EndGlobalSection
	GlobalSection(ExtensibilityGlobals) = postSolution
		SolutionGuid = {54C3AB30-4CC8-41D5-8007-F6D597767F5F}
	EndGlobalSection
EndGlobal
